
Microsoft Visual Studio Solution File, Format Version 12.00
# Visual Studio Version 17
VisualStudioVersion = 17.5.002.0
MinimumVisualStudioVersion = 10.0.40219.1
Project("{9A19103F-16F7-4668-BE54-9A1E7A4F7556}") = "blockBackend", "blockBackend.csproj", "{E38CD12F-3588-4959-9524-03F558FE70F9}"
EndProject
Global
	GlobalSection(SolutionConfigurationPlatforms) = preSolution
		Debug|Any CPU = Debug|Any CPU
		Release|Any CPU = Release|Any CPU
	EndGlobalSection
	GlobalSection(ProjectConfigurationPlatforms) = postSolution
		{E38CD12F-3588-4959-9524-03F558FE70F9}.Debug|Any CPU.ActiveCfg = Debug|Any CPU
		{E38CD12F-3588-4959-9524-03F558FE70F9}.Debug|Any CPU.Build.0 = Debug|Any CPU
		{E38CD12F-3588-4959-9524-03F558FE70F9}.Release|Any CPU.ActiveCfg = Release|Any CPU
		{E38CD12F-3588-4959-9524-03F558FE70F9}.Release|Any CPU.Build.0 = Release|Any CPU
	EndGlobalSection
	GlobalSection(SolutionProperties) = preSolution
		HideSolutionNode = FALSE
	EndGlobalSection
	GlobalSection(ExtensibilityGlobals) = postSolution
		SolutionGuid = {4D5E4B14-472A-47EB-9CE9-96015E2A655A}
	EndGlobalSection
EndGlobal
